
Microsoft Visual Studio Solution File, Format Version 12.00
# Visual Studio Version 18
VisualStudioVersion = 18.5.11709.299
MinimumVisualStudioVersion = 10.0.40219.1
Project("{2150E333-8FDC-42A3-9474-1A3956D46DE8}") = "GithubActions", "GithubActions", "{46B56D40-BAD7-4788-906B-877304D0A24E}"
	ProjectSection(SolutionItems) = preProject
		.github\workflows\InsaneIO.Insane-PushToNuget.yml1 = .github\workflows\InsaneIO.Insane-PushToNuget.yml1
	EndProjectSection
EndProject
Project("{9A19103F-16F7-4668-BE54-9A1E7A4F7556}") = "InsaneIO.Insane.Tests", "InsaneIO.Insane.Tests\InsaneIO.Insane.Tests.csproj", "{9AE0A522-306A-4EAE-ABAC-7B05CB95366F}"
EndProject
Project("{9A19103F-16F7-4668-BE54-9A1E7A4F7556}") = "InsaneIO.Insane", "InsaneIO.Insane\InsaneIO.Insane.csproj", "{BDBD6C75-0BF2-4B33-A848-F81A9190E770}"
EndProject
Project("{FAE04EC0-301F-11D3-BF4B-00C04F79EFBC}") = "InsaneIO.Insane.BlazorWaPlayground", "InsaneIO.Insane.BlazorWaPlayground\InsaneIO.Insane.BlazorWaPlayground.csproj", "{F27FEFC7-665F-46FD-8F3C-4D1E8A891FE8}"
EndProject
Global
	GlobalSection(SolutionConfigurationPlatforms) = preSolution
		Debug|Any CPU = Debug|Any CPU
		Release|Any CPU = Release|Any CPU
	EndGlobalSection
	GlobalSection(ProjectConfigurationPlatforms) = postSolution
		{9AE0A522-306A-4EAE-ABAC-7B05CB95366F}.Debug|Any CPU.ActiveCfg = Debug|Any CPU
		{9AE0A522-306A-4EAE-ABAC-7B05CB95366F}.Debug|Any CPU.Build.0 = Debug|Any CPU
		{9AE0A522-306A-4EAE-ABAC-7B05CB95366F}.Release|Any CPU.ActiveCfg = Release|Any CPU
		{9AE0A522-306A-4EAE-ABAC-7B05CB95366F}.Release|Any CPU.Build.0 = Release|Any CPU
		{BDBD6C75-0BF2-4B33-A848-F81A9190E770}.Debug|Any CPU.ActiveCfg = Debug|Any CPU
		{BDBD6C75-0BF2-4B33-A848-F81A9190E770}.Debug|Any CPU.Build.0 = Debug|Any CPU
		{BDBD6C75-0BF2-4B33-A848-F81A9190E770}.Release|Any CPU.ActiveCfg = Release|Any CPU
		{BDBD6C75-0BF2-4B33-A848-F81A9190E770}.Release|Any CPU.Build.0 = Release|Any CPU
		{F27FEFC7-665F-46FD-8F3C-4D1E8A891FE8}.Debug|Any CPU.ActiveCfg = Debug|Any CPU
		{F27FEFC7-665F-46FD-8F3C-4D1E8A891FE8}.Debug|Any CPU.Build.0 = Debug|Any CPU
		{F27FEFC7-665F-46FD-8F3C-4D1E8A891FE8}.Release|Any CPU.ActiveCfg = Release|Any CPU
		{F27FEFC7-665F-46FD-8F3C-4D1E8A891FE8}.Release|Any CPU.Build.0 = Release|Any CPU
	EndGlobalSection
	GlobalSection(SolutionProperties) = preSolution
		HideSolutionNode = FALSE
	EndGlobalSection
	GlobalSection(ExtensibilityGlobals) = postSolution
		SolutionGuid = {C7B6A918-E267-4B91-85AE-CEE9B363BA07}
	EndGlobalSection
EndGlobal
